PODS:
  - CKTableViewTransactionalDataSource (0.2.1):
    - ComponentKit (~> 0.23)
  - ComponentKit (0.23):
    - Yoga (~> 1.6)
  - Yoga (1.9.0)

DEPENDENCIES:
  - CKTableViewTransactionalDataSource (from `../`)
  - ComponentKit (= 0.23)

SPEC REPOS:
  https://github.com/cocoapods/specs.git:
    - ComponentKit
    - Yoga

EXTERNAL SOURCES:
  CKTableViewTransactionalDataSource:
    :path: "../"

SPEC CHECKSUMS:
  CKTableViewTransactionalDataSource: 0db8127b3bf53f0f26159e2379782603aae974bc
  ComponentKit: bf8b4c4e7448bd15b3a8e5a71174ea7aa6cea98d
  Yoga: aaae8abea68951f60bee05f6277d3eed90bb91bb

PODFILE CHECKSUM: 1ac54362c022340e241261797998402cace5a05d

COCOAPODS: 1.5.3
