PODS:
  - CKTableViewTransactionalDataSource (0.1):
    - ComponentKit (~> 0.2)
  - ComponentKit (0.15.1)

DEPENDENCIES:
  - CKTableViewTransactionalDataSource (from `../`)

EXTERNAL SOURCES:
  CKTableViewTransactionalDataSource:
    :path: "../"

SPEC CHECKSUMS:
  CKTableViewTransactionalDataSource: 9f3da988ea8a9d00c68757f95a960e0dee6cf44d
  ComponentKit: beef88630f344efb8344fe40fc6fc7c1732b68c8

PODFILE CHECKSUM: 7f04a8e54cb9511ecfa5006bdff8edc3c4fa8b55

COCOAPODS: 1.2.1
