PODS:
  - CKTableViewTransactionalDataSource (0.1):
    - ComponentKit (~> 0.2)
  - ComponentKit (0.15.1)

DEPENDENCIES:
  - CKTableViewTransactionalDataSource (from `../`)

EXTERNAL SOURCES:
  CKTableViewTransactionalDataSource:
    :path: "../"

SPEC CHECKSUMS:
  CKTableViewTransactionalDataSource: c2cb38976815158592e2d02e1e2948aef20cca0e
  ComponentKit: beef88630f344efb8344fe40fc6fc7c1732b68c8

PODFILE CHECKSUM: 989631c175361fe54acd6ac93fc33180d0a88c4c

COCOAPODS: 1.2.1
